
Microsoft Visual Studio Solution File, Format Version 12.00
# Visual Studio Version 16
VisualStudioVersion = 16.0.30804.86
MinimumVisualStudioVersion = 10.0.40219.1
Project("{8BC9CEB8-8B4A-11D0-8D11-00A0C91BC942}") = "viogpudo", "viogpudo\viogpudo.vcxproj", "{BDE07E9E-2041-4853-8B74-7CF591C255E7}"
	ProjectSection(ProjectDependencies) = postProject
		{01D87C47-437A-4A16-8FD9-33FA5C99339E} = {01D87C47-437A-4A16-8FD9-33FA5C99339E}
	EndProjectSection
EndProject
Project("{8BC9CEB8-8B4A-11D0-8D11-00A0C91BC942}") = "VirtioLib", "VirtIO\VirtioLib.vcxproj", "{01D87C47-437A-4A16-8FD9-33FA5C99339E}"
EndProject
Global
	GlobalSection(SolutionConfigurationPlatforms) = preSolution
		Vista Debug|ARM64 = Vista Debug|ARM64
		Vista Debug|x64 = Vista Debug|x64
		Vista Debug|x86 = Vista Debug|x86
		Vista Release|ARM64 = Vista Release|ARM64
		Vista Release|x64 = Vista Release|x64
		Vista Release|x86 = Vista Release|x86
		Win10 Debug|ARM64 = Win10 Debug|ARM64
		Win10 Debug|x64 = Win10 Debug|x64
		Win10 Debug|x86 = Win10 Debug|x86
		Win10 Release|ARM64 = Win10 Release|ARM64
		Win10 Release|x64 = Win10 Release|x64
		Win10 Release|x86 = Win10 Release|x86
		Win2k3 Debug|ARM64 = Win2k3 Debug|ARM64
		Win2k3 Debug|x64 = Win2k3 Debug|x64
		Win2k3 Debug|x86 = Win2k3 Debug|x86
		Win2k3 Release|ARM64 = Win2k3 Release|ARM64
		Win2k3 Release|x64 = Win2k3 Release|x64
		Win2k3 Release|x86 = Win2k3 Release|x86
		Win7 Debug|ARM64 = Win7 Debug|ARM64
		Win7 Debug|x64 = Win7 Debug|x64
		Win7 Debug|x86 = Win7 Debug|x86
		Win7 Release|ARM64 = Win7 Release|ARM64
		Win7 Release|x64 = Win7 Release|x64
		Win7 Release|x86 = Win7 Release|x86
		Win8 Debug|ARM64 = Win8 Debug|ARM64
		Win8 Debug|x64 = Win8 Debug|x64
		Win8 Debug|x86 = Win8 Debug|x86
		Win8 Release|ARM64 = Win8 Release|ARM64
		Win8 Release|x64 = Win8 Release|x64
		Win8 Release|x86 = Win8 Release|x86
		Win8.1 Debug|ARM64 = Win8.1 Debug|ARM64
		Win8.1 Debug|x64 = Win8.1 Debug|x64
		Win8.1 Debug|x86 = Win8.1 Debug|x86
		Win8.1 Release|ARM64 = Win8.1 Release|ARM64
		Win8.1 Release|x64 = Win8.1 Release|x64
		Win8.1 Release|x86 = Win8.1 Release|x86
		WinXP Debug|ARM64 = WinXP Debug|ARM64
		WinXP Debug|x64 = WinXP Debug|x64
		WinXP Debug|x86 = WinXP Debug|x86
		WinXP Release|ARM64 = WinXP Release|ARM64
		WinXP Release|x64 = WinXP Release|x64
		WinXP Release|x86 = WinXP Release|x86
	EndGlobalSection
	GlobalSection(ProjectConfigurationPlatforms) = postSolution
		{BDE07E9E-2041-4853-8B74-7CF591C255E7}.Vista Debug|ARM64.ActiveCfg = Win8 Debug|ARM64
		{BDE07E9E-2041-4853-8B74-7CF591C255E7}.Vista Debug|ARM64.Build.0 = Win8 Debug|ARM64
		{BDE07E9E-2041-4853-8B74-7CF591C255E7}.Vista Debug|ARM64.Deploy.0 = Win8 Debug|ARM64
		{BDE07E9E-2041-4853-8B74-7CF591C255E7}.Vista Debug|x64.ActiveCfg = Win10 Debug|x64
		{BDE07E9E-2041-4853-8B74-7CF591C255E7}.Vista Debug|x64.Build.0 = Win10 Debug|x64
		{BDE07E9E-2041-4853-8B74-7CF591C255E7}.Vista Debug|x64.Deploy.0 = Win10 Debug|x64
		{BDE07E9E-2041-4853-8B74-7CF591C255E7}.Vista Debug|x86.ActiveCfg = Win10 Debug|Win32
		{BDE07E9E-2041-4853-8B74-7CF591C255E7}.Vista Debug|x86.Build.0 = Win10 Debug|Win32
		{BDE07E9E-2041-4853-8B74-7CF591C255E7}.Vista Debug|x86.Deploy.0 = Win10 Debug|Win32
		{BDE07E9E-2041-4853-8B74-7CF591C255E7}.Vista Release|ARM64.ActiveCfg = Win8 Debug|ARM64
		{BDE07E9E-2041-4853-8B74-7CF591C255E7}.Vista Release|ARM64.Build.0 = Win8 Debug|ARM64
		{BDE07E9E-2041-4853-8B74-7CF591C255E7}.Vista Release|ARM64.Deploy.0 = Win8 Debug|ARM64
		{BDE07E9E-2041-4853-8B74-7CF591C255E7}.Vista Release|x64.ActiveCfg = Win10 Debug|x64
		{BDE07E9E-2041-4853-8B74-7CF591C255E7}.Vista Release|x64.Build.0 = Win10 Debug|x64
		{BDE07E9E-2041-4853-8B74-7CF591C255E7}.Vista Release|x64.Deploy.0 = Win10 Debug|x64
		{BDE07E9E-2041-4853-8B74-7CF591C255E7}.Vista Release|x86.ActiveCfg = Win10 Debug|Win32
		{BDE07E9E-2041-4853-8B74-7CF591C255E7}.Vista Release|x86.Build.0 = Win10 Debug|Win32
		{BDE07E9E-2041-4853-8B74-7CF591C255E7}.Vista Release|x86.Deploy.0 = Win10 Debug|Win32
		{BDE07E9E-2041-4853-8B74-7CF591C255E7}.Win10 Debug|ARM64.ActiveCfg = Win10 Debug|ARM64
		{BDE07E9E-2041-4853-8B74-7CF591C255E7}.Win10 Debug|ARM64.Build.0 = Win10 Debug|ARM64
		{BDE07E9E-2041-4853-8B74-7CF591C255E7}.Win10 Debug|ARM64.Deploy.0 = Win10 Debug|ARM64
		{BDE07E9E-2041-4853-8B74-7CF591C255E7}.Win10 Debug|x64.ActiveCfg = Win10 Debug|x64
		{BDE07E9E-2041-4853-8B74-7CF591C255E7}.Win10 Debug|x64.Build.0 = Win10 Debug|x64
		{BDE07E9E-2041-4853-8B74-7CF591C255E7}.Win10 Debug|x64.Deploy.0 = Win10 Debug|x64
		{BDE07E9E-2041-4853-8B74-7CF591C255E7}.Win10 Debug|x86.ActiveCfg = Win10 Debug|Win32
		{BDE07E9E-2041-4853-8B74-7CF591C255E7}.Win10 Debug|x86.Build.0 = Win10 Debug|Win32
		{BDE07E9E-2041-4853-8B74-7CF591C255E7}.Win10 Debug|x86.Deploy.0 = Win10 Debug|Win32
		{BDE07E9E-2041-4853-8B74-7CF591C255E7}.Win10 Release|ARM64.ActiveCfg = Win10 Release|ARM64
		{BDE07E9E-2041-4853-8B74-7CF591C255E7}.Win10 Release|ARM64.Build.0 = Win10 Release|ARM64
		{BDE07E9E-2041-4853-8B74-7CF591C255E7}.Win10 Release|ARM64.Deploy.0 = Win10 Release|ARM64
		{BDE07E9E-2041-4853-8B74-7CF591C255E7}.Win10 Release|x64.ActiveCfg = Win10 Release|x64
		{BDE07E9E-2041-4853-8B74-7CF591C255E7}.Win10 Release|x64.Build.0 = Win10 Release|x64
		{BDE07E9E-2041-4853-8B74-7CF591C255E7}.Win10 Release|x64.Deploy.0 = Win10 Release|x64
		{BDE07E9E-2041-4853-8B74-7CF591C255E7}.Win10 Release|x86.ActiveCfg = Win10 Release|Win32
		{BDE07E9E-2041-4853-8B74-7CF591C255E7}.Win10 Release|x86.Build.0 = Win10 Release|Win32
		{BDE07E9E-2041-4853-8B74-7CF591C255E7}.Win10 Release|x86.Deploy.0 = Win10 Release|Win32
		{BDE07E9E-2041-4853-8B74-7CF591C255E7}.Win2k3 Debug|ARM64.ActiveCfg = Win8 Debug|ARM64
		{BDE07E9E-2041-4853-8B74-7CF591C255E7}.Win2k3 Debug|ARM64.Build.0 = Win8 Debug|ARM64
		{BDE07E9E-2041-4853-8B74-7CF591C255E7}.Win2k3 Debug|ARM64.Deploy.0 = Win8 Debug|ARM64
		{BDE07E9E-2041-4853-8B74-7CF591C255E7}.Win2k3 Debug|x64.ActiveCfg = Win10 Debug|x64
		{BDE07E9E-2041-4853-8B74-7CF591C255E7}.Win2k3 Debug|x64.Build.0 = Win10 Debug|x64
		{BDE07E9E-2041-4853-8B74-7CF591C255E7}.Win2k3 Debug|x64.Deploy.0 = Win10 Debug|x64
		{BDE07E9E-2041-4853-8B74-7CF591C255E7}.Win2k3 Debug|x86.ActiveCfg = Win10 Debug|Win32
		{BDE07E9E-2041-4853-8B74-7CF591C255E7}.Win2k3 Debug|x86.Build.0 = Win10 Debug|Win32
		{BDE07E9E-2041-4853-8B74-7CF591C255E7}.Win2k3 Debug|x86.Deploy.0 = Win10 Debug|Win32
		{BDE07E9E-2041-4853-8B74-7CF591C255E7}.Win2k3 Release|ARM64.ActiveCfg = Win8 Debug|ARM64
		{BDE07E9E-2041-4853-8B74-7CF591C255E7}.Win2k3 Release|ARM64.Build.0 = Win8 Debug|ARM64
		{BDE07E9E-2041-4853-8B74-7CF591C255E7}.Win2k3 Release|ARM64.Deploy.0 = Win8 Debug|ARM64
		{BDE07E9E-2041-4853-8B74-7CF591C255E7}.Win2k3 Release|x64.ActiveCfg = Win10 Debug|x64
		{BDE07E9E-2041-4853-8B74-7CF591C255E7}.Win2k3 Release|x64.Build.0 = Win10 Debug|x64
		{BDE07E9E-2041-4853-8B74-7CF591C255E7}.Win2k3 Release|x64.Deploy.0 = Win10 Debug|x64
		{BDE07E9E-2041-4853-8B74-7CF591C255E7}.Win2k3 Release|x86.ActiveCfg = Win10 Debug|Win32
		{BDE07E9E-2041-4853-8B74-7CF591C255E7}.Win2k3 Release|x86.Build.0 = Win10 Debug|Win32
		{BDE07E9E-2041-4853-8B74-7CF591C255E7}.Win2k3 Release|x86.Deploy.0 = Win10 Debug|Win32
		{BDE07E9E-2041-4853-8B74-7CF591C255E7}.Win7 Debug|ARM64.ActiveCfg = Win8 Debug|ARM64
		{BDE07E9E-2041-4853-8B74-7CF591C255E7}.Win7 Debug|ARM64.Build.0 = Win8 Debug|ARM64
		{BDE07E9E-2041-4853-8B74-7CF591C255E7}.Win7 Debug|ARM64.Deploy.0 = Win8 Debug|ARM64
		{BDE07E9E-2041-4853-8B74-7CF591C255E7}.Win7 Debug|x64.ActiveCfg = Win10 Debug|x64
		{BDE07E9E-2041-4853-8B74-7CF591C255E7}.Win7 Debug|x64.Build.0 = Win10 Debug|x64
		{BDE07E9E-2041-4853-8B74-7CF591C255E7}.Win7 Debug|x64.Deploy.0 = Win10 Debug|x64
		{BDE07E9E-2041-4853-8B74-7CF591C255E7}.Win7 Debug|x86.ActiveCfg = Win10 Debug|Win32
		{BDE07E9E-2041-4853-8B74-7CF591C255E7}.Win7 Debug|x86.Build.0 = Win10 Debug|Win32
		{BDE07E9E-2041-4853-8B74-7CF591C255E7}.Win7 Debug|x86.Deploy.0 = Win10 Debug|Win32
		{BDE07E9E-2041-4853-8B74-7CF591C255E7}.Win7 Release|ARM64.ActiveCfg = Win8 Debug|ARM64
		{BDE07E9E-2041-4853-8B74-7CF591C255E7}.Win7 Release|ARM64.Build.0 = Win8 Debug|ARM64
		{BDE07E9E-2041-4853-8B74-7CF591C255E7}.Win7 Release|ARM64.Deploy.0 = Win8 Debug|ARM64
		{BDE07E9E-2041-4853-8B74-7CF591C255E7}.Win7 Release|x64.ActiveCfg = Win10 Debug|x64
		{BDE07E9E-2041-4853-8B74-7CF591C255E7}.Win7 Release|x64.Build.0 = Win10 Debug|x64
		{BDE07E9E-2041-4853-8B74-7CF591C255E7}.Win7 Release|x64.Deploy.0 = Win10 Debug|x64
		{BDE07E9E-2041-4853-8B74-7CF591C255E7}.Win7 Release|x86.ActiveCfg = Win10 Debug|Win32
		{BDE07E9E-2041-4853-8B74-7CF591C255E7}.Win7 Release|x86.Build.0 = Win10 Debug|Win32
		{BDE07E9E-2041-4853-8B74-7CF591C255E7}.Win7 Release|x86.Deploy.0 = Win10 Debug|Win32
		{BDE07E9E-2041-4853-8B74-7CF591C255E7}.Win8 Debug|ARM64.ActiveCfg = Win8 Debug|ARM64
		{BDE07E9E-2041-4853-8B74-7CF591C255E7}.Win8 Debug|ARM64.Build.0 = Win8 Debug|ARM64
		{BDE07E9E-2041-4853-8B74-7CF591C255E7}.Win8 Debug|ARM64.Deploy.0 = Win8 Debug|ARM64
		{BDE07E9E-2041-4853-8B74-7CF591C255E7}.Win8 Debug|x64.ActiveCfg = Win8 Debug|x64
		{BDE07E9E-2041-4853-8B74-7CF591C255E7}.Win8 Debug|x64.Build.0 = Win8 Debug|x64
		{BDE07E9E-2041-4853-8B74-7CF591C255E7}.Win8 Debug|x64.Deploy.0 = Win8 Debug|x64
		{BDE07E9E-2041-4853-8B74-7CF591C255E7}.Win8 Debug|x86.ActiveCfg = Win8 Debug|Win32
		{BDE07E9E-2041-4853-8B74-7CF591C255E7}.Win8 Debug|x86.Build.0 = Win8 Debug|Win32
		{BDE07E9E-2041-4853-8B74-7CF591C255E7}.Win8 Debug|x86.Deploy.0 = Win8 Debug|Win32
		{BDE07E9E-2041-4853-8B74-7CF591C255E7}.Win8 Release|ARM64.ActiveCfg = Win8 Release|ARM64
		{BDE07E9E-2041-4853-8B74-7CF591C255E7}.Win8 Release|ARM64.Build.0 = Win8 Release|ARM64
		{BDE07E9E-2041-4853-8B74-7CF591C255E7}.Win8 Release|ARM64.Deploy.0 = Win8 Release|ARM64
		{BDE07E9E-2041-4853-8B74-7CF591C255E7}.Win8 Release|x64.ActiveCfg = Win8 Release|x64
		{BDE07E9E-2041-4853-8B74-7CF591C255E7}.Win8 Release|x64.Build.0 = Win8 Release|x64
		{BDE07E9E-2041-4853-8B74-7CF591C255E7}.Win8 Release|x64.Deploy.0 = Win8 Release|x64
		{BDE07E9E-2041-4853-8B74-7CF591C255E7}.Win8 Release|x86.ActiveCfg = Win8 Release|Win32
		{BDE07E9E-2041-4853-8B74-7CF591C255E7}.Win8 Release|x86.Build.0 = Win8 Release|Win32
		{BDE07E9E-2041-4853-8B74-7CF591C255E7}.Win8 Release|x86.Deploy.0 = Win8 Release|Win32
		{BDE07E9E-2041-4853-8B74-7CF591C255E7}.Win8.1 Debug|ARM64.ActiveCfg = Win8 Debug|ARM64
		{BDE07E9E-2041-4853-8B74-7CF591C255E7}.Win8.1 Debug|ARM64.Build.0 = Win8 Debug|ARM64
		{BDE07E9E-2041-4853-8B74-7CF591C255E7}.Win8.1 Debug|ARM64.Deploy.0 = Win8 Debug|ARM64
		{BDE07E9E-2041-4853-8B74-7CF591C255E7}.Win8.1 Debug|x64.ActiveCfg = Win8 Debug|x64
		{BDE07E9E-2041-4853-8B74-7CF591C255E7}.Win8.1 Debug|x64.Build.0 = Win8 Debug|x64
		{BDE07E9E-2041-4853-8B74-7CF591C255E7}.Win8.1 Debug|x64.Deploy.0 = Win8 Debug|x64
		{BDE07E9E-2041-4853-8B74-7CF591C255E7}.Win8.1 Debug|x86.ActiveCfg = Win8 Debug|Win32
		{BDE07E9E-2041-4853-8B74-7CF591C255E7}.Win8.1 Debug|x86.Build.0 = Win8 Debug|Win32
		{BDE07E9E-2041-4853-8B74-7CF591C255E7}.Win8.1 Debug|x86.Deploy.0 = Win8 Debug|Win32
		{BDE07E9E-2041-4853-8B74-7CF591C255E7}.Win8.1 Release|ARM64.ActiveCfg = Win8 Debug|ARM64
		{BDE07E9E-2041-4853-8B74-7CF591C255E7}.Win8.1 Release|ARM64.Build.0 = Win8 Debug|ARM64
		{BDE07E9E-2041-4853-8B74-7CF591C255E7}.Win8.1 Release|ARM64.Deploy.0 = Win8 Debug|ARM64
		{BDE07E9E-2041-4853-8B74-7CF591C255E7}.Win8.1 Release|x64.ActiveCfg = Win8 Debug|x64
		{BDE07E9E-2041-4853-8B74-7CF591C255E7}.Win8.1 Release|x64.Build.0 = Win8 Debug|x64
		{BDE07E9E-2041-4853-8B74-7CF591C255E7}.Win8.1 Release|x64.Deploy.0 = Win8 Debug|x64
		{BDE07E9E-2041-4853-8B74-7CF591C255E7}.Win8.1 Release|x86.ActiveCfg = Win8 Debug|Win32
		{BDE07E9E-2041-4853-8B74-7CF591C255E7}.Win8.1 Release|x86.Build.0 = Win8 Debug|Win32
		{BDE07E9E-2041-4853-8B74-7CF591C255E7}.Win8.1 Release|x86.Deploy.0 = Win8 Debug|Win32
		{BDE07E9E-2041-4853-8B74-7CF591C255E7}.WinXP Debug|ARM64.ActiveCfg = Win8 Debug|ARM64
		{BDE07E9E-2041-4853-8B74-7CF591C255E7}.WinXP Debug|ARM64.Build.0 = Win8 Debug|ARM64
		{BDE07E9E-2041-4853-8B74-7CF591C255E7}.WinXP Debug|ARM64.Deploy.0 = Win8 Debug|ARM64
		{BDE07E9E-2041-4853-8B74-7CF591C255E7}.WinXP Debug|x64.ActiveCfg = Win10 Debug|x64
		{BDE07E9E-2041-4853-8B74-7CF591C255E7}.WinXP Debug|x64.Build.0 = Win10 Debug|x64
		{BDE07E9E-2041-4853-8B74-7CF591C255E7}.WinXP Debug|x64.Deploy.0 = Win10 Debug|x64
		{BDE07E9E-2041-4853-8B74-7CF591C255E7}.WinXP Debug|x86.ActiveCfg = Win10 Debug|Win32
		{BDE07E9E-2041-4853-8B74-7CF591C255E7}.WinXP Debug|x86.Build.0 = Win10 Debug|Win32
		{BDE07E9E-2041-4853-8B74-7CF591C255E7}.WinXP Debug|x86.Deploy.0 = Win10 Debug|Win32
		{BDE07E9E-2041-4853-8B74-7CF591C255E7}.WinXP Release|ARM64.ActiveCfg = Win8 Debug|ARM64
		{BDE07E9E-2041-4853-8B74-7CF591C255E7}.WinXP Release|ARM64.Build.0 = Win8 Debug|ARM64
		{BDE07E9E-2041-4853-8B74-7CF591C255E7}.WinXP Release|ARM64.Deploy.0 = Win8 Debug|ARM64
		{BDE07E9E-2041-4853-8B74-7CF591C255E7}.WinXP Release|x64.ActiveCfg = Win10 Debug|x64
		{BDE07E9E-2041-4853-8B74-7CF591C255E7}.WinXP Release|x64.Build.0 = Win10 Debug|x64
		{BDE07E9E-2041-4853-8B74-7CF591C255E7}.WinXP Release|x64.Deploy.0 = Win10 Debug|x64
		{BDE07E9E-2041-4853-8B74-7CF591C255E7}.WinXP Release|x86.ActiveCfg = Win10 Debug|Win32
		{BDE07E9E-2041-4853-8B74-7CF591C255E7}.WinXP Release|x86.Build.0 = Win10 Debug|Win32
		{BDE07E9E-2041-4853-8B74-7CF591C255E7}.WinXP Release|x86.Deploy.0 = Win10 Debug|Win32
		{01D87C47-437A-4A16-8FD9-33FA5C99339E}.Vista Debug|ARM64.ActiveCfg = Vista Debug|ARM64
		{01D87C47-437A-4A16-8FD9-33FA5C99339E}.Vista Debug|ARM64.Build.0 = Vista Debug|ARM64
		{01D87C47-437A-4A16-8FD9-33FA5C99339E}.Vista Debug|x64.ActiveCfg = Vista Debug|x64
		{01D87C47-437A-4A16-8FD9-33FA5C99339E}.Vista Debug|x64.Build.0 = Vista Debug|x64
		{01D87C47-437A-4A16-8FD9-33FA5C99339E}.Vista Debug|x86.ActiveCfg = Vista Debug|Win32
		{01D87C47-437A-4A16-8FD9-33FA5C99339E}.Vista Debug|x86.Build.0 = Vista Debug|Win32
		{01D87C47-437A-4A16-8FD9-33FA5C99339E}.Vista Release|ARM64.ActiveCfg = Vista Release|ARM64
		{01D87C47-437A-4A16-8FD9-33FA5C99339E}.Vista Release|ARM64.Build.0 = Vista Release|ARM64
		{01D87C47-437A-4A16-8FD9-33FA5C99339E}.Vista Release|x64.ActiveCfg = Vista Release|x64
		{01D87C47-437A-4A16-8FD9-33FA5C99339E}.Vista Release|x64.Build.0 = Vista Release|x64
		{01D87C47-437A-4A16-8FD9-33FA5C99339E}.Vista Release|x86.ActiveCfg = Vista Release|Win32
		{01D87C47-437A-4A16-8FD9-33FA5C99339E}.Vista Release|x86.Build.0 = Vista Release|Win32
		{01D87C47-437A-4A16-8FD9-33FA5C99339E}.Win10 Debug|ARM64.ActiveCfg = Win10 Debug|ARM64
		{01D87C47-437A-4A16-8FD9-33FA5C99339E}.Win10 Debug|ARM64.Build.0 = Win10 Debug|ARM64
		{01D87C47-437A-4A16-8FD9-33FA5C99339E}.Win10 Debug|ARM64.Deploy.0 = Win10 Debug|ARM64
		{01D87C47-437A-4A16-8FD9-33FA5C99339E}.Win10 Debug|x64.ActiveCfg = Win10 Debug|x64
		{01D87C47-437A-4A16-8FD9-33FA5C99339E}.Win10 Debug|x64.Build.0 = Win10 Debug|x64
		{01D87C47-437A-4A16-8FD9-33FA5C99339E}.Win10 Debug|x64.Deploy.0 = Win10 Debug|x64
		{01D87C47-437A-4A16-8FD9-33FA5C99339E}.Win10 Debug|x86.ActiveCfg = Win10 Debug|Win32
		{01D87C47-437A-4A16-8FD9-33FA5C99339E}.Win10 Debug|x86.Build.0 = Win10 Debug|Win32
		{01D87C47-437A-4A16-8FD9-33FA5C99339E}.Win10 Debug|x86.Deploy.0 = Win10 Debug|Win32
		{01D87C47-437A-4A16-8FD9-33FA5C99339E}.Win10 Release|ARM64.ActiveCfg = Win10 Release|ARM64
		{01D87C47-437A-4A16-8FD9-33FA5C99339E}.Win10 Release|ARM64.Build.0 = Win10 Release|ARM64
		{01D87C47-437A-4A16-8FD9-33FA5C99339E}.Win10 Release|ARM64.Deploy.0 = Win10 Release|ARM64
		{01D87C47-437A-4A16-8FD9-33FA5C99339E}.Win10 Release|x64.ActiveCfg = Win10 Release|x64
		{01D87C47-437A-4A16-8FD9-33FA5C99339E}.Win10 Release|x64.Build.0 = Win10 Release|x64
		{01D87C47-437A-4A16-8FD9-33FA5C99339E}.Win10 Release|x64.Deploy.0 = Win10 Release|x64
		{01D87C47-437A-4A16-8FD9-33FA5C99339E}.Win10 Release|x86.ActiveCfg = Win10 Release|Win32
		{01D87C47-437A-4A16-8FD9-33FA5C99339E}.Win10 Release|x86.Build.0 = Win10 Release|Win32
		{01D87C47-437A-4A16-8FD9-33FA5C99339E}.Win10 Release|x86.Deploy.0 = Win10 Release|Win32
		{01D87C47-437A-4A16-8FD9-33FA5C99339E}.Win2k3 Debug|ARM64.ActiveCfg = Win2k3 Debug|ARM64
		{01D87C47-437A-4A16-8FD9-33FA5C99339E}.Win2k3 Debug|ARM64.Build.0 = Win2k3 Debug|ARM64
		{01D87C47-437A-4A16-8FD9-33FA5C99339E}.Win2k3 Debug|x64.ActiveCfg = Win2k3 Debug|x64
		{01D87C47-437A-4A16-8FD9-33FA5C99339E}.Win2k3 Debug|x64.Build.0 = Win2k3 Debug|x64
		{01D87C47-437A-4A16-8FD9-33FA5C99339E}.Win2k3 Debug|x86.ActiveCfg = Win2k3 Debug|Win32
		{01D87C47-437A-4A16-8FD9-33FA5C99339E}.Win2k3 Debug|x86.Build.0 = Win2k3 Debug|Win32
		{01D87C47-437A-4A16-8FD9-33FA5C99339E}.Win2k3 Release|ARM64.ActiveCfg = Win2k3 Release|ARM64
		{01D87C47-437A-4A16-8FD9-33FA5C99339E}.Win2k3 Release|ARM64.Build.0 = Win2k3 Release|ARM64
		{01D87C47-437A-4A16-8FD9-33FA5C99339E}.Win2k3 Release|x64.ActiveCfg = Win2k3 Release|x64
		{01D87C47-437A-4A16-8FD9-33FA5C99339E}.Win2k3 Release|x64.Build.0 = Win2k3 Release|x64
		{01D87C47-437A-4A16-8FD9-33FA5C99339E}.Win2k3 Release|x86.ActiveCfg = Win2k3 Release|Win32
		{01D87C47-437A-4A16-8FD9-33FA5C99339E}.Win2k3 Release|x86.Build.0 = Win2k3 Release|Win32
		{01D87C47-437A-4A16-8FD9-33FA5C99339E}.Win7 Debug|ARM64.ActiveCfg = Win7 Debug|ARM64
		{01D87C47-437A-4A16-8FD9-33FA5C99339E}.Win7 Debug|ARM64.Build.0 = Win7 Debug|ARM64
		{01D87C47-437A-4A16-8FD9-33FA5C99339E}.Win7 Debug|ARM64.Deploy.0 = Win7 Debug|ARM64
		{01D87C47-437A-4A16-8FD9-33FA5C99339E}.Win7 Debug|x64.ActiveCfg = Win7 Debug|x64
		{01D87C47-437A-4A16-8FD9-33FA5C99339E}.Win7 Debug|x64.Build.0 = Win7 Debug|x64
		{01D87C47-437A-4A16-8FD9-33FA5C99339E}.Win7 Debug|x64.Deploy.0 = Win7 Debug|x64
		{01D87C47-437A-4A16-8FD9-33FA5C99339E}.Win7 Debug|x86.ActiveCfg = Win7 Debug|Win32
		{01D87C47-437A-4A16-8FD9-33FA5C99339E}.Win7 Debug|x86.Build.0 = Win7 Debug|Win32
		{01D87C47-437A-4A16-8FD9-33FA5C99339E}.Win7 Debug|x86.Deploy.0 = Win7 Debug|Win32
		{01D87C47-437A-4A16-8FD9-33FA5C99339E}.Win7 Release|ARM64.ActiveCfg = Win7 Release|ARM64
		{01D87C47-437A-4A16-8FD9-33FA5C99339E}.Win7 Release|ARM64.Build.0 = Win7 Release|ARM64
		{01D87C47-437A-4A16-8FD9-33FA5C99339E}.Win7 Release|ARM64.Deploy.0 = Win7 Release|ARM64
		{01D87C47-437A-4A16-8FD9-33FA5C99339E}.Win7 Release|x64.ActiveCfg = Win7 Release|x64
		{01D87C47-437A-4A16-8FD9-33FA5C99339E}.Win7 Release|x64.Build.0 = Win7 Release|x64
		{01D87C47-437A-4A16-8FD9-33FA5C99339E}.Win7 Release|x64.Deploy.0 = Win7 Release|x64
		{01D87C47-437A-4A16-8FD9-33FA5C99339E}.Win7 Release|x86.ActiveCfg = Win7 Release|Win32
		{01D87C47-437A-4A16-8FD9-33FA5C99339E}.Win7 Release|x86.Build.0 = Win7 Release|Win32
		{01D87C47-437A-4A16-8FD9-33FA5C99339E}.Win7 Release|x86.Deploy.0 = Win7 Release|Win32
		{01D87C47-437A-4A16-8FD9-33FA5C99339E}.Win8 Debug|ARM64.ActiveCfg = Win8 Debug|ARM64
		{01D87C47-437A-4A16-8FD9-33FA5C99339E}.Win8 Debug|ARM64.Build.0 = Win8 Debug|ARM64
		{01D87C47-437A-4A16-8FD9-33FA5C99339E}.Win8 Debug|ARM64.Deploy.0 = Win8 Debug|ARM64
		{01D87C47-437A-4A16-8FD9-33FA5C99339E}.Win8 Debug|x64.ActiveCfg = Win8 Debug|x64
		{01D87C47-437A-4A16-8FD9-33FA5C99339E}.Win8 Debug|x64.Build.0 = Win8 Debug|x64
		{01D87C47-437A-4A16-8FD9-33FA5C99339E}.Win8 Debug|x64.Deploy.0 = Win8 Debug|x64
		{01D87C47-437A-4A16-8FD9-33FA5C99339E}.Win8 Debug|x86.ActiveCfg = Win8 Debug|Win32
		{01D87C47-437A-4A16-8FD9-33FA5C99339E}.Win8 Debug|x86.Build.0 = Win8 Debug|Win32
		{01D87C47-437A-4A16-8FD9-33FA5C99339E}.Win8 Debug|x86.Deploy.0 = Win8 Debug|Win32
		{01D87C47-437A-4A16-8FD9-33FA5C99339E}.Win8 Release|ARM64.ActiveCfg = Win8 Release|ARM64
		{01D87C47-437A-4A16-8FD9-33FA5C99339E}.Win8 Release|ARM64.Build.0 = Win8 Release|ARM64
		{01D87C47-437A-4A16-8FD9-33FA5C99339E}.Win8 Release|ARM64.Deploy.0 = Win8 Release|ARM64
		{01D87C47-437A-4A16-8FD9-33FA5C99339E}.Win8 Release|x64.ActiveCfg = Win8 Release|x64
		{01D87C47-437A-4A16-8FD9-33FA5C99339E}.Win8 Release|x64.Build.0 = Win8 Release|x64
		{01D87C47-437A-4A16-8FD9-33FA5C99339E}.Win8 Release|x64.Deploy.0 = Win8 Release|x64
		{01D87C47-437A-4A16-8FD9-33FA5C99339E}.Win8 Release|x86.ActiveCfg = Win8 Release|Win32
		{01D87C47-437A-4A16-8FD9-33FA5C99339E}.Win8 Release|x86.Build.0 = Win8 Release|Win32
		{01D87C47-437A-4A16-8FD9-33FA5C99339E}.Win8 Release|x86.Deploy.0 = Win8 Release|Win32
		{01D87C47-437A-4A16-8FD9-33FA5C99339E}.Win8.1 Debug|ARM64.ActiveCfg = Win8.1 Debug|ARM64
		{01D87C47-437A-4A16-8FD9-33FA5C99339E}.Win8.1 Debug|ARM64.Build.0 = Win8.1 Debug|ARM64
		{01D87C47-437A-4A16-8FD9-33FA5C99339E}.Win8.1 Debug|ARM64.Deploy.0 = Win8.1 Debug|ARM64
		{01D87C47-437A-4A16-8FD9-33FA5C99339E}.Win8.1 Debug|x64.ActiveCfg = Win8.1 Debug|x64
		{01D87C47-437A-4A16-8FD9-33FA5C99339E}.Win8.1 Debug|x64.Build.0 = Win8.1 Debug|x64
		{01D87C47-437A-4A16-8FD9-33FA5C99339E}.Win8.1 Debug|x64.Deploy.0 = Win8.1 Debug|x64
		{01D87C47-437A-4A16-8FD9-33FA5C99339E}.Win8.1 Debug|x86.ActiveCfg = Win8.1 Debug|Win32
		{01D87C47-437A-4A16-8FD9-33FA5C99339E}.Win8.1 Debug|x86.Build.0 = Win8.1 Debug|Win32
		{01D87C47-437A-4A16-8FD9-33FA5C99339E}.Win8.1 Debug|x86.Deploy.0 = Win8.1 Debug|Win32
		{01D87C47-437A-4A16-8FD9-33FA5C99339E}.Win8.1 Release|ARM64.ActiveCfg = Win8.1 Release|ARM64
		{01D87C47-437A-4A16-8FD9-33FA5C99339E}.Win8.1 Release|ARM64.Build.0 = Win8.1 Release|ARM64
		{01D87C47-437A-4A16-8FD9-33FA5C99339E}.Win8.1 Release|ARM64.Deploy.0 = Win8.1 Release|ARM64
		{01D87C47-437A-4A16-8FD9-33FA5C99339E}.Win8.1 Release|x64.ActiveCfg = Win8.1 Release|x64
		{01D87C47-437A-4A16-8FD9-33FA5C99339E}.Win8.1 Release|x64.Build.0 = Win8.1 Release|x64
		{01D87C47-437A-4A16-8FD9-33FA5C99339E}.Win8.1 Release|x64.Deploy.0 = Win8.1 Release|x64
		{01D87C47-437A-4A16-8FD9-33FA5C99339E}.Win8.1 Release|x86.ActiveCfg = Win8.1 Release|Win32
		{01D87C47-437A-4A16-8FD9-33FA5C99339E}.Win8.1 Release|x86.Build.0 = Win8.1 Release|Win32
		{01D87C47-437A-4A16-8FD9-33FA5C99339E}.Win8.1 Release|x86.Deploy.0 = Win8.1 Release|Win32
		{01D87C47-437A-4A16-8FD9-33FA5C99339E}.WinXP Debug|ARM64.ActiveCfg = WinXP Debug|ARM64
		{01D87C47-437A-4A16-8FD9-33FA5C99339E}.WinXP Debug|ARM64.Build.0 = WinXP Debug|ARM64
		{01D87C47-437A-4A16-8FD9-33FA5C99339E}.WinXP Debug|x64.ActiveCfg = WinXP Debug|x64
		{01D87C47-437A-4A16-8FD9-33FA5C99339E}.WinXP Debug|x64.Build.0 = WinXP Debug|x64
		{01D87C47-437A-4A16-8FD9-33FA5C99339E}.WinXP Debug|x86.ActiveCfg = WinXP Debug|Win32
		{01D87C47-437A-4A16-8FD9-33FA5C99339E}.WinXP Debug|x86.Build.0 = WinXP Debug|Win32
		{01D87C47-437A-4A16-8FD9-33FA5C99339E}.WinXP Release|ARM64.ActiveCfg = WinXP Release|ARM64
		{01D87C47-437A-4A16-8FD9-33FA5C99339E}.WinXP Release|ARM64.Build.0 = WinXP Release|ARM64
		{01D87C47-437A-4A16-8FD9-33FA5C99339E}.WinXP Release|x64.ActiveCfg = WinXP Release|x64
		{01D87C47-437A-4A16-8FD9-33FA5C99339E}.WinXP Release|x64.Build.0 = WinXP Release|x64
		{01D87C47-437A-4A16-8FD9-33FA5C99339E}.WinXP Release|x86.ActiveCfg = WinXP Release|Win32
		{01D87C47-437A-4A16-8FD9-33FA5C99339E}.WinXP Release|x86.Build.0 = WinXP Release|Win32
	EndGlobalSection
	GlobalSection(SolutionProperties) = preSolution
		HideSolutionNode = FALSE
	EndGlobalSection
	GlobalSection(ExtensibilityGlobals) = postSolution
		SolutionGuid = {082C09E5-64EA-43C2-9059-FD932C3387C9}
	EndGlobalSection
EndGlobal
